# This file is @generated by PDM.
# It is not intended for manual editing.

[metadata]
groups = ["default", "dev"]
strategy = ["inherit_metadata"]
lock_version = "4.5.0"
content_hash = "sha256:4620b78447344ae146d308e6b81485b915c17a60ecb19acc6a5f3eceffb242c1"

[[metadata.targets]]
requires_python = "==3.12.*"

[[package]]
name = "basedpyright"
version = "1.16.0"
requires_python = ">=3.8"
summary = "static type checking for Python (but based)"
groups = ["dev"]
dependencies = [
    "nodejs-wheel-binaries>=20.13.1",
]
files = [
    {file = "basedpyright-1.16.0-py3-none-any.whl", hash = "sha256:5eda1be337ca926f6d869f02cfd4cfd124d946d58d58d73c5c9e7c5b2d2d5b1e"},
    {file = "basedpyright-1.16.0.tar.gz", hash = "sha256:023a19d8f1b2a466e05a9dbbd6c6ecb5abfc1518e6daa9317ec978a38a6c8ff5"},
]

[[package]]
name = "colorama"
version = "0.4.6"
requires_python = "!=3.0.*,!=3.1.*,!=3.2.*,!=3.3.*,!=3.4.*,!=3.5.*,!=3.6.*,>=2.7"
summary = "Cross-platform colored terminal text."
groups = ["default"]
marker = "platform_system == \"Windows\""
files = [
    {file = "colorama-0.4.6-py2.py3-none-any.whl", hash = "sha256:4f1d9991f5acc0ca119f9d443620b77f9d6b33703e51011c16baf57afb285fc6"},
    {file = "colorama-0.4.6.tar.gz", hash = "sha256:08695f5cb7ed6e0531a20572697297273c47b8cae5a63ffc6d6ed5c201be6e44"},
]

[[package]]
name = "decorator"
version = "5.1.1"
requires_python = ">=3.5"
summary = "Decorators for Humans"
groups = ["default"]
files = [
    {file = "decorator-5.1.1-py3-none-any.whl", hash = "sha256:b8c3f85900b9dc423225913c5aace94729fe1fa9763b38939a95226f02d37186"},
    {file = "decorator-5.1.1.tar.gz", hash = "sha256:637996211036b6385ef91435e4fae22989472f9d571faba8927ba8253acbc330"},
]

[[package]]
name = "imageio"
version = "2.35.0"
requires_python = ">=3.8"
summary = "Library for reading and writing a wide range of image, video, scientific, and volumetric data formats."
groups = ["default"]
dependencies = [
    "numpy<2.0.0",
    "pillow>=8.3.2",
]
files = [
    {file = "imageio-2.35.0-py3-none-any.whl", hash = "sha256:ebfb39c0ad7acf93750d7ee151664238aaa9208f202288ea6f3ca7cb0ed719c3"},
    {file = "imageio-2.35.0.tar.gz", hash = "sha256:e88f759803d2968e19a55fa8372e9fbe12967a8598fe042d8719ca46d03f4256"},
]

[[package]]
name = "imageio-ffmpeg"
version = "0.5.1"
requires_python = ">=3.5"
summary = "FFMPEG wrapper for Python"
groups = ["default"]
dependencies = [
    "setuptools",
]
files = [
    {file = "imageio-ffmpeg-0.5.1.tar.gz", hash = "sha256:0ed7a9b31f560b0c9d929c5291cd430edeb9bed3ce9a497480e536dd4326484c"},
    {file = "imageio_ffmpeg-0.5.1-py3-none-macosx_10_9_intel.macosx_10_9_x86_64.macosx_10_10_intel.macosx_10_10_x86_64.whl", hash = "sha256:1460e84712b9d06910c1f7bb524096b0341d4b7844cea6c20e099d0a24e795b1"},
    {file = "imageio_ffmpeg-0.5.1-py3-none-manylinux2010_x86_64.whl", hash = "sha256:5289f75c7f755b499653f3209fea4efd1430cba0e39831c381aad2d458f7a316"},
    {file = "imageio_ffmpeg-0.5.1-py3-none-manylinux2014_aarch64.whl", hash = "sha256:7fa9132a291d5eb28c44553550deb40cbdab831f2a614e55360301a6582eb205"},
    {file = "imageio_ffmpeg-0.5.1-py3-none-win32.whl", hash = "sha256:89efe2c79979d8174ba8476deb7f74d74c331caee3fb2b65ba2883bec0737625"},
    {file = "imageio_ffmpeg-0.5.1-py3-none-win_amd64.whl", hash = "sha256:1521e79e253bedbdd36a547e0cbd94a025ba0b558e17f08fea687d805a0e4698"},
]

[[package]]
name = "moviepy"
version = "2.0.0"
git = "ssh://git@github.com/OsaAjani/moviepy.git"
revision = "3f58b23eff852e41d4e671193e501e54104a1953"
summary = "Video editing with Python"
groups = ["default"]
dependencies = [
    "decorator<6.0,>=4.0.2",
    "imageio-ffmpeg>=0.2.0",
    "imageio<3.0,>=2.5",
    "numpy>=1.25.0",
    "pillow<11.0,>=9.2.0",
    "proglog<=1.0.0",
    "python-dotenv>=0.10",
]

[[package]]
name = "nodejs-wheel-binaries"
version = "20.16.0"
requires_python = ">=3.7"
summary = "unoffical Node.js package"
groups = ["dev"]
files = [
    {file = "nodejs_wheel_binaries-20.16.0-py2.py3-none-macosx_10_15_x86_64.whl", hash = "sha256:5f36c3e2ad9d76505e685811ff838c69163a820bf424e96ed7cff40d845ee394"},
    {file = "nodejs_wheel_binaries-20.16.0-py2.py3-none-macosx_11_0_arm64.whl", hash = "sha256:8e23925f2fbe60a8439742de2a58e08b16a8e14235d066663b9f8d9c1d99026a"},
    {file = "nodejs_wheel_binaries-20.16.0-py2.py3-none-manylinux_2_17_aarch64.manylinux2014_aarch64.whl", hash = "sha256:3810a1faca9ad48e1be479f921f38b47b6f6554a4f1f7f17190d0b0ba02d9789"},
    {file = "nodejs_wheel_binaries-20.16.0-py2.py3-none-manylinux_2_17_x86_64.manylinux2014_x86_64.whl", hash = "sha256:e5efb3d07c30d61f91221710ce838aaf965d46d9f9eee751121abf020bc5da7c"},
    {file = "nodejs_wheel_binaries-20.16.0-py2.py3-none-musllinux_1_2_x86_64.whl", hash = "sha256:338f36039d76381ce66aa24e1b7092192897b97230b631bc11aeebad217383ec"},
    {file = "nodejs_wheel_binaries-20.16.0-py2.py3-none-win_amd64.whl", hash = "sha256:70f7da760bded1b86581ee5d4cd0e57d77c67f8ee0d969cd906db2a6a02ecffb"},
    {file = "nodejs_wheel_binaries-20.16.0.tar.gz", hash = "sha256:85649da01bb3d0d3c9237d28545180254cda5417b4e2c219f53face0103fb2bf"},
]

[[package]]
name = "numpy"
version = "1.26.4"
requires_python = ">=3.9"
summary = "Fundamental package for array computing in Python"
groups = ["default"]
files = [
    {file = "numpy-1.26.4-cp312-cp312-macosx_10_9_x86_64.whl", hash = "sha256:b3ce300f3644fb06443ee2222c2201dd3a89ea6040541412b8fa189341847218"},
    {file = "numpy-1.26.4-cp312-cp312-macosx_11_0_arm64.whl", hash = "sha256:03a8c78d01d9781b28a6989f6fa1bb2c4f2d51201cf99d3dd875df6fbd96b23b"},
    {file = "numpy-1.26.4-cp312-cp312-manylinux_2_17_aarch64.manylinux2014_aarch64.whl", hash = "sha256:9fad7dcb1aac3c7f0584a5a8133e3a43eeb2fe127f47e3632d43d677c66c102b"},
    {file = "numpy-1.26.4-cp312-cp312-manylinux_2_17_x86_64.manylinux2014_x86_64.whl", hash = "sha256:675d61ffbfa78604709862923189bad94014bef562cc35cf61d3a07bba02a7ed"},
    {file = "numpy-1.26.4-cp312-cp312-musllinux_1_1_aarch64.whl", hash = "sha256:ab47dbe5cc8210f55aa58e4805fe224dac469cde56b9f731a4c098b91917159a"},
    {file = "numpy-1.26.4-cp312-cp312-musllinux_1_1_x86_64.whl", hash = "sha256:1dda2e7b4ec9dd512f84935c5f126c8bd8b9f2fc001e9f54af255e8c5f16b0e0"},
    {file = "numpy-1.26.4-cp312-cp312-win32.whl", hash = "sha256:50193e430acfc1346175fcbdaa28ffec49947a06918b7b92130744e81e640110"},
    {file = "numpy-1.26.4-cp312-cp312-win_amd64.whl", hash = "sha256:08beddf13648eb95f8d867350f6a018a4be2e5ad54c8d8caed89ebca558b2818"},
    {file = "numpy-1.26.4.tar.gz", hash = "sha256:2a02aba9ed12e4ac4eb3ea9421c420301a0c6460d9830d74a9df87efa4912010"},
]

[[package]]
name = "opencv-python"
version = "4.10.0.84"
requires_python = ">=3.6"
summary = "Wrapper package for OpenCV python bindings."
groups = ["default"]
dependencies = [
    "numpy>=1.13.3; python_version < \"3.7\"",
    "numpy>=1.17.0; python_version >= \"3.7\"",
    "numpy>=1.17.3; python_version >= \"3.8\"",
    "numpy>=1.19.3; python_version >= \"3.6\" and platform_system == \"Linux\" and platform_machine == \"aarch64\"",
    "numpy>=1.19.3; python_version >= \"3.9\"",
    "numpy>=1.21.0; python_version <= \"3.9\" and platform_system == \"Darwin\" and platform_machine == \"arm64\"",
    "numpy>=1.21.2; python_version >= \"3.10\"",
    "numpy>=1.21.4; python_version >= \"3.10\" and platform_system == \"Darwin\"",
    "numpy>=1.23.5; python_version >= \"3.11\"",
    "numpy>=1.26.0; python_version >= \"3.12\"",
]
files = [
    {file = "opencv-python-4.10.0.84.tar.gz", hash = "sha256:72d234e4582e9658ffea8e9cae5b63d488ad06994ef12d81dc303b17472f3526"},
    {file = "opencv_python-4.10.0.84-cp37-abi3-macosx_11_0_arm64.whl", hash = "sha256:fc182f8f4cda51b45f01c64e4cbedfc2f00aff799debebc305d8d0210c43f251"},
    {file = "opencv_python-4.10.0.84-cp37-abi3-macosx_12_0_x86_64.whl", hash = "sha256:71e575744f1d23f79741450254660442785f45a0797212852ee5199ef12eed98"},
    {file = "opencv_python-4.10.0.84-cp37-abi3-manylinux_2_17_aarch64.manylinux2014_aarch64.whl", hash = "sha256:09a332b50488e2dda866a6c5573ee192fe3583239fb26ff2f7f9ceb0bc119ea6"},
    {file = "opencv_python-4.10.0.84-cp37-abi3-manylinux_2_17_x86_64.manylinux2014_x86_64.whl", hash = "sha256:9ace140fc6d647fbe1c692bcb2abce768973491222c067c131d80957c595b71f"},
    {file = "opencv_python-4.10.0.84-cp37-abi3-win32.whl", hash = "sha256:2db02bb7e50b703f0a2d50c50ced72e95c574e1e5a0bb35a8a86d0b35c98c236"},
    {file = "opencv_python-4.10.0.84-cp37-abi3-win_amd64.whl", hash = "sha256:32dbbd94c26f611dc5cc6979e6b7aa1f55a64d6b463cc1dcd3c95505a63e48fe"},
]

[[package]]
name = "pillow"
version = "10.4.0"
requires_python = ">=3.8"
summary = "Python Imaging Library (Fork)"
groups = ["default"]
files = [
    {file = "pillow-10.4.0-cp312-cp312-macosx_10_10_x86_64.whl", hash = "sha256:673655af3eadf4df6b5457033f086e90299fdd7a47983a13827acf7459c15d94"},
    {file = "pillow-10.4.0-cp312-cp312-macosx_11_0_arm64.whl", hash = "sha256:866b6942a92f56300012f5fbac71f2d610312ee65e22f1aa2609e491284e5597"},
    {file = "pillow-10.4.0-cp312-cp312-manylinux_2_17_aarch64.manylinux2014_aarch64.whl", hash = "sha256:29dbdc4207642ea6aad70fbde1a9338753d33fb23ed6956e706936706f52dd80"},
    {file = "pillow-10.4.0-cp312-cp312-manylinux_2_17_x86_64.manylinux2014_x86_64.whl", hash = "sha256:bf2342ac639c4cf38799a44950bbc2dfcb685f052b9e262f446482afaf4bffca"},
    {file = "pillow-10.4.0-cp312-cp312-manylinux_2_28_aarch64.whl", hash = "sha256:f5b92f4d70791b4a67157321c4e8225d60b119c5cc9aee8ecf153aace4aad4ef"},
    {file = "pillow-10.4.0-cp312-cp312-manylinux_2_28_x86_64.whl", hash = "sha256:86dcb5a1eb778d8b25659d5e4341269e8590ad6b4e8b44d9f4b07f8d136c414a"},
    {file = "pillow-10.4.0-cp312-cp312-musllinux_1_2_aarch64.whl", hash = "sha256:780c072c2e11c9b2c7ca37f9a2ee8ba66f44367ac3e5c7832afcfe5104fd6d1b"},
    {file = "pillow-10.4.0-cp312-cp312-musllinux_1_2_x86_64.whl", hash = "sha256:37fb69d905be665f68f28a8bba3c6d3223c8efe1edf14cc4cfa06c241f8c81d9"},
    {file = "pillow-10.4.0-cp312-cp312-win32.whl", hash = "sha256:7dfecdbad5c301d7b5bde160150b4db4c659cee2b69589705b6f8a0c509d9f42"},
    {file = "pillow-10.4.0-cp312-cp312-win_amd64.whl", hash = "sha256:1d846aea995ad352d4bdcc847535bd56e0fd88d36829d2c90be880ef1ee4668a"},
    {file = "pillow-10.4.0-cp312-cp312-win_arm64.whl", hash = "sha256:e553cad5179a66ba15bb18b353a19020e73a7921296a7979c4a2b7f6a5cd57f9"},
    {file = "pillow-10.4.0.tar.gz", hash = "sha256:166c1cd4d24309b30d61f79f4a9114b7b2313d7450912277855ff5dfd7cd4a06"},
]

[[package]]
name = "proglog"
version = "0.1.10"
summary = "Log and progress bar manager for console, notebooks, web..."
groups = ["default"]
dependencies = [
    "tqdm",
]
files = [
    {file = "proglog-0.1.10-py3-none-any.whl", hash = "sha256:19d5da037e8c813da480b741e3fa71fb1ac0a5b02bf21c41577c7f327485ec50"},
    {file = "proglog-0.1.10.tar.gz", hash = "sha256:658c28c9c82e4caeb2f25f488fff9ceace22f8d69b15d0c1c86d64275e4ddab4"},
]

[[package]]
name = "python-dotenv"
version = "1.0.1"
requires_python = ">=3.8"
summary = "Read key-value pairs from a .env file and set them as environment variables"
groups = ["default"]
files = [
    {file = "python-dotenv-1.0.1.tar.gz", hash = "sha256:e324ee90a023d808f1959c46bcbc04446a10ced277783dc6ee09987c37ec10ca"},
    {file = "python_dotenv-1.0.1-py3-none-any.whl", hash = "sha256:f7b63ef50f1b690dddf550d03497b66d609393b40b564ed0d674909a68ebf16a"},
]

[[package]]
name = "ruff"
version = "0.6.1"
requires_python = ">=3.7"
summary = "An extremely fast Python linter and code formatter, written in Rust."
groups = ["dev"]
files = [
    {file = "ruff-0.6.1-py3-none-linux_armv6l.whl", hash = "sha256:b4bb7de6a24169dc023f992718a9417380301b0c2da0fe85919f47264fb8add9"},
    {file = "ruff-0.6.1-py3-none-macosx_10_12_x86_64.whl", hash = "sha256:45efaae53b360c81043e311cdec8a7696420b3d3e8935202c2846e7a97d4edae"},
    {file = "ruff-0.6.1-py3-none-macosx_11_0_arm64.whl", hash = "sha256:bc60c7d71b732c8fa73cf995efc0c836a2fd8b9810e115be8babb24ae87e0850"},
    {file = "ruff-0.6.1-py3-none-manylinux_2_17_aarch64.manylinux2014_aarch64.whl", hash = "sha256:2c7477c3b9da822e2db0b4e0b59e61b8a23e87886e727b327e7dcaf06213c5cf"},
    {file = "ruff-0.6.1-py3-none-manylinux_2_17_armv7l.manylinux2014_armv7l.whl", hash = "sha256:3a0af7ab3f86e3dc9f157a928e08e26c4b40707d0612b01cd577cc84b8905cc9"},
    {file = "ruff-0.6.1-py3-none-manylinux_2_17_i686.manylinux2014_i686.whl", hash = "sha256:392688dbb50fecf1bf7126731c90c11a9df1c3a4cdc3f481b53e851da5634fa5"},
    {file = "ruff-0.6.1-py3-none-manylinux_2_17_ppc64.manylinux2014_ppc64.whl", hash = "sha256:5278d3e095ccc8c30430bcc9bc550f778790acc211865520f3041910a28d0024"},
    {file = "ruff-0.6.1-py3-none-manylinux_2_17_ppc64le.manylinux2014_ppc64le.whl", hash = "sha256:fe6d5f65d6f276ee7a0fc50a0cecaccb362d30ef98a110f99cac1c7872df2f18"},
    {file = "ruff-0.6.1-py3-none-manylinux_2_17_s390x.manylinux2014_s390x.whl", hash = "sha256:b2e0dd11e2ae553ee5c92a81731d88a9883af8db7408db47fc81887c1f8b672e"},
    {file = "ruff-0.6.1-py3-none-manylinux_2_17_x86_64.manylinux2014_x86_64.whl", hash = "sha256:d812615525a34ecfc07fd93f906ef5b93656be01dfae9a819e31caa6cfe758a1"},
    {file = "ruff-0.6.1-py3-none-musllinux_1_2_aarch64.whl", hash = "sha256:faaa4060f4064c3b7aaaa27328080c932fa142786f8142aff095b42b6a2eb631"},
    {file = "ruff-0.6.1-py3-none-musllinux_1_2_armv7l.whl", hash = "sha256:99d7ae0df47c62729d58765c593ea54c2546d5de213f2af2a19442d50a10cec9"},
    {file = "ruff-0.6.1-py3-none-musllinux_1_2_i686.whl", hash = "sha256:9eb18dfd7b613eec000e3738b3f0e4398bf0153cb80bfa3e351b3c1c2f6d7b15"},
    {file = "ruff-0.6.1-py3-none-musllinux_1_2_x86_64.whl", hash = "sha256:c62bc04c6723a81e25e71715aa59489f15034d69bf641df88cb38bdc32fd1dbb"},
    {file = "ruff-0.6.1-py3-none-win32.whl", hash = "sha256:9fb4c4e8b83f19c9477a8745e56d2eeef07a7ff50b68a6998f7d9e2e3887bdc4"},
    {file = "ruff-0.6.1-py3-none-win_amd64.whl", hash = "sha256:c2ebfc8f51ef4aca05dad4552bbcf6fe8d1f75b2f6af546cc47cc1c1ca916b5b"},
    {file = "ruff-0.6.1-py3-none-win_arm64.whl", hash = "sha256:3bc81074971b0ffad1bd0c52284b22411f02a11a012082a76ac6da153536e014"},
    {file = "ruff-0.6.1.tar.gz", hash = "sha256:af3ffd8c6563acb8848d33cd19a69b9bfe943667f0419ca083f8ebe4224a3436"},
]

[[package]]
name = "setuptools"
version = "72.2.0"
requires_python = ">=3.8"
summary = "Easily download, build, install, upgrade, and uninstall Python packages"
groups = ["default"]
files = [
    {file = "setuptools-72.2.0-py3-none-any.whl", hash = "sha256:f11dd94b7bae3a156a95ec151f24e4637fb4fa19c878e4d191bfb8b2d82728c4"},
    {file = "setuptools-72.2.0.tar.gz", hash = "sha256:80aacbf633704e9c8bfa1d99fa5dd4dc59573efcf9e4042c13d3bcef91ac2ef9"},
]

[[package]]
name = "tqdm"
version = "4.66.5"
requires_python = ">=3.7"
summary = "Fast, Extensible Progress Meter"
groups = ["default"]
dependencies = [
    "colorama; platform_system == \"Windows\"",
]
files = [
    {file = "tqdm-4.66.5-py3-none-any.whl", hash = "sha256:90279a3770753eafc9194a0364852159802111925aa30eb3f9d85b0e805ac7cd"},
    {file = "tqdm-4.66.5.tar.gz", hash = "sha256:e1020aef2e5096702d8a025ac7d16b1577279c9d63f8375b63083e9a5f0fcbad"},
]
